
Microsoft Visual Studio Solution File, Format Version 12.00
# Visual Studio Version 16
VisualStudioVersion = 16.0.31205.134
MinimumVisualStudioVersion = 10.0.40219.1
Project("{FAE04EC0-301F-11D3-BF4B-00C04F79EFBC}") = "WebClinica", "WebClinica\WebClinica.csproj", "{3244CCC9-D12D-4635-9AE0-CBE483DB5093}"
EndProject
Global
	GlobalSection(SolutionConfigurationPlatforms) = preSolution
		Debug|Any CPU = Debug|Any CPU
		Release|Any CPU = Release|Any CPU
	EndGlobalSection
	GlobalSection(ProjectConfigurationPlatforms) = postSolution
		{3244CCC9-D12D-4635-9AE0-CBE483DB5093}.Debug|Any CPU.ActiveCfg = Debug|Any CPU
		{3244CCC9-D12D-4635-9AE0-CBE483DB5093}.Debug|Any CPU.Build.0 = Debug|Any CPU
		{3244CCC9-D12D-4635-9AE0-CBE483DB5093}.Release|Any CPU.ActiveCfg = Release|Any CPU
		{3244CCC9-D12D-4635-9AE0-CBE483DB5093}.Release|Any CPU.Build.0 = Release|Any CPU
	EndGlobalSection
	GlobalSection(SolutionProperties) = preSolution
		HideSolutionNode = FALSE
	EndGlobalSection
	GlobalSection(ExtensibilityGlobals) = postSolution
		SolutionGuid = {6574BE8C-0CA5-403A-B0F2-CA706576D73F}
	EndGlobalSection
EndGlobal
